
Microsoft Visual Studio Solution File, Format Version 12.00
# Visual Studio Version 17
VisualStudioVersion = 17.2.32630.192
MinimumVisualStudioVersion = 10.0.40219.1
Project("{9A19103F-16F7-4668-BE54-9A1E7A4F7556}") = "ASSIGNMENT03", "ASSIGNMENT03\ASSIGNMENT03.csproj", "{324F64AD-43EB-408D-B536-BC06520B6681}"
EndProject
Project("{FAE04EC0-301F-11D3-BF4B-00C04F79EFBC}") = "LitwareLib", "LitwareLib\LitwareLib.csproj", "{4ED39E01-557D-401A-82C2-94752AC6D571}"
EndProject
Global
	GlobalSection(SolutionConfigurationPlatforms) = preSolution
		Debug|Any CPU = Debug|Any CPU
		Release|Any CPU = Release|Any CPU
	EndGlobalSection
	GlobalSection(ProjectConfigurationPlatforms) = postSolution
		{324F64AD-43EB-408D-B536-BC06520B6681}.Debug|Any CPU.ActiveCfg = Debug|Any CPU
		{324F64AD-43EB-408D-B536-BC06520B6681}.Debug|Any CPU.Build.0 = Debug|Any CPU
		{324F64AD-43EB-408D-B536-BC06520B6681}.Release|Any CPU.ActiveCfg = Release|Any CPU
		{324F64AD-43EB-408D-B536-BC06520B6681}.Release|Any CPU.Build.0 = Release|Any CPU
		{4ED39E01-557D-401A-82C2-94752AC6D571}.Debug|Any CPU.ActiveCfg = Debug|Any CPU
		{4ED39E01-557D-401A-82C2-94752AC6D571}.Debug|Any CPU.Build.0 = Debug|Any CPU
		{4ED39E01-557D-401A-82C2-94752AC6D571}.Release|Any CPU.ActiveCfg = Release|Any CPU
		{4ED39E01-557D-401A-82C2-94752AC6D571}.Release|Any CPU.Build.0 = Release|Any CPU
	EndGlobalSection
	GlobalSection(SolutionProperties) = preSolution
		HideSolutionNode = FALSE
	EndGlobalSection
	GlobalSection(ExtensibilityGlobals) = postSolution
		SolutionGuid = {649F45CF-8ABC-4FE0-9FCA-9FE85CB6FB93}
	EndGlobalSection
EndGlobal
