
Microsoft Visual Studio Solution File, Format Version 12.00
# Visual Studio Version 17
VisualStudioVersion = 17.2.32630.192
MinimumVisualStudioVersion = 10.0.40219.1
Project("{FAE04EC0-301F-11D3-BF4B-00C04F79EFBC}") = "ASSIGNMENT01", "ASSIGNMENT01\ASSIGNMENT01.csproj", "{B7A96BAE-2DC0-436B-BF71-678EB46EDDEA}"
EndProject
Global
	GlobalSection(SolutionConfigurationPlatforms) = preSolution
		Debug|Any CPU = Debug|Any CPU
		Release|Any CPU = Release|Any CPU
	EndGlobalSection
	GlobalSection(ProjectConfigurationPlatforms) = postSolution
		{B7A96BAE-2DC0-436B-BF71-678EB46EDDEA}.Debug|Any CPU.ActiveCfg = Debug|Any CPU
		{B7A96BAE-2DC0-436B-BF71-678EB46EDDEA}.Debug|Any CPU.Build.0 = Debug|Any CPU
		{B7A96BAE-2DC0-436B-BF71-678EB46EDDEA}.Release|Any CPU.ActiveCfg = Release|Any CPU
		{B7A96BAE-2DC0-436B-BF71-678EB46EDDEA}.Release|Any CPU.Build.0 = Release|Any CPU
	EndGlobalSection
	GlobalSection(SolutionProperties) = preSolution
		HideSolutionNode = FALSE
	EndGlobalSection
	GlobalSection(ExtensibilityGlobals) = postSolution
		SolutionGuid = {686A2D8D-6C45-46E8-9266-DEB332BFC2FF}
	EndGlobalSection
EndGlobal
